
Microsoft Visual Studio Solution File, Format Version 12.00
# Visual Studio Version 17
VisualStudioVersion = 17.9.34728.123
MinimumVisualStudioVersion = 10.0.40219.1
Project("{FAE04EC0-301F-11D3-BF4B-00C04F79EFBC}") = "ABCTechAPP.Android", "ABCTechAPP\ABCTechAPP.Android\ABCTechAPP.Android.csproj", "{1283538D-B094-4EEB-810D-C1B8B4310BD4}"
EndProject
Project("{FAE04EC0-301F-11D3-BF4B-00C04F79EFBC}") = "ABCTechAPP.iOS", "ABCTechAPP\ABCTechAPP.iOS\ABCTechAPP.iOS.csproj", "{CDD0A13F-7E2B-4220-A18E-30E26BC7DA23}"
EndProject
Project("{FAE04EC0-301F-11D3-BF4B-00C04F79EFBC}") = "ABCTechAPP", "ABCTechAPP\ABCTechAPP\ABCTechAPP.csproj", "{382AE384-8AFE-4D92-A5C9-A1971AAC4627}"
EndProject
Global
	GlobalSection(SolutionConfigurationPlatforms) = preSolution
		Debug|Any CPU = Debug|Any CPU
		Debug|iPhone = Debug|iPhone
		Debug|iPhoneSimulator = Debug|iPhoneSimulator
		Release|Any CPU = Release|Any CPU
		Release|iPhone = Release|iPhone
		Release|iPhoneSimulator = Release|iPhoneSimulator
	EndGlobalSection
	GlobalSection(ProjectConfigurationPlatforms) = postSolution
		{1283538D-B094-4EEB-810D-C1B8B4310BD4}.Debug|Any CPU.ActiveCfg = Debug|Any CPU
		{1283538D-B094-4EEB-810D-C1B8B4310BD4}.Debug|Any CPU.Build.0 = Debug|Any CPU
		{1283538D-B094-4EEB-810D-C1B8B4310BD4}.Debug|Any CPU.Deploy.0 = Debug|Any CPU
		{1283538D-B094-4EEB-810D-C1B8B4310BD4}.Debug|iPhone.ActiveCfg = Debug|Any CPU
		{1283538D-B094-4EEB-810D-C1B8B4310BD4}.Debug|iPhone.Build.0 = Debug|Any CPU
		{1283538D-B094-4EEB-810D-C1B8B4310BD4}.Debug|iPhone.Deploy.0 = Debug|Any CPU
		{1283538D-B094-4EEB-810D-C1B8B4310BD4}.Debug|iPhoneSimulator.ActiveCfg = Debug|Any CPU
		{1283538D-B094-4EEB-810D-C1B8B4310BD4}.Debug|iPhoneSimulator.Build.0 = Debug|Any CPU
		{1283538D-B094-4EEB-810D-C1B8B4310BD4}.Debug|iPhoneSimulator.Deploy.0 = Debug|Any CPU
		{1283538D-B094-4EEB-810D-C1B8B4310BD4}.Release|Any CPU.ActiveCfg = Release|Any CPU
		{1283538D-B094-4EEB-810D-C1B8B4310BD4}.Release|Any CPU.Build.0 = Release|Any CPU
		{1283538D-B094-4EEB-810D-C1B8B4310BD4}.Release|Any CPU.Deploy.0 = Release|Any CPU
		{1283538D-B094-4EEB-810D-C1B8B4310BD4}.Release|iPhone.ActiveCfg = Release|Any CPU
		{1283538D-B094-4EEB-810D-C1B8B4310BD4}.Release|iPhone.Build.0 = Release|Any CPU
		{1283538D-B094-4EEB-810D-C1B8B4310BD4}.Release|iPhone.Deploy.0 = Release|Any CPU
		{1283538D-B094-4EEB-810D-C1B8B4310BD4}.Release|iPhoneSimulator.ActiveCfg = Release|Any CPU
		{1283538D-B094-4EEB-810D-C1B8B4310BD4}.Release|iPhoneSimulator.Build.0 = Release|Any CPU
		{1283538D-B094-4EEB-810D-C1B8B4310BD4}.Release|iPhoneSimulator.Deploy.0 = Release|Any CPU
		{CDD0A13F-7E2B-4220-A18E-30E26BC7DA23}.Debug|Any CPU.ActiveCfg = Debug|iPhone
		{CDD0A13F-7E2B-4220-A18E-30E26BC7DA23}.Debug|Any CPU.Build.0 = Debug|iPhone
		{CDD0A13F-7E2B-4220-A18E-30E26BC7DA23}.Debug|Any CPU.Deploy.0 = Debug|iPhone
		{CDD0A13F-7E2B-4220-A18E-30E26BC7DA23}.Debug|iPhone.ActiveCfg = Debug|iPhone
		{CDD0A13F-7E2B-4220-A18E-30E26BC7DA23}.Debug|iPhone.Build.0 = Debug|iPhone
		{CDD0A13F-7E2B-4220-A18E-30E26BC7DA23}.Debug|iPhone.Deploy.0 = Debug|iPhone
		{CDD0A13F-7E2B-4220-A18E-30E26BC7DA23}.Debug|iPhoneSimulator.ActiveCfg = Debug|iPhoneSimulator
		{CDD0A13F-7E2B-4220-A18E-30E26BC7DA23}.Debug|iPhoneSimulator.Build.0 = Debug|iPhoneSimulator
		{CDD0A13F-7E2B-4220-A18E-30E26BC7DA23}.Debug|iPhoneSimulator.Deploy.0 = Debug|iPhoneSimulator
		{CDD0A13F-7E2B-4220-A18E-30E26BC7DA23}.Release|Any CPU.ActiveCfg = Release|iPhoneSimulator
		{CDD0A13F-7E2B-4220-A18E-30E26BC7DA23}.Release|Any CPU.Build.0 = Release|iPhoneSimulator
		{CDD0A13F-7E2B-4220-A18E-30E26BC7DA23}.Release|Any CPU.Deploy.0 = Release|iPhoneSimulator
		{CDD0A13F-7E2B-4220-A18E-30E26BC7DA23}.Release|iPhone.ActiveCfg = Release|iPhone
		{CDD0A13F-7E2B-4220-A18E-30E26BC7DA23}.Release|iPhone.Build.0 = Release|iPhone
		{CDD0A13F-7E2B-4220-A18E-30E26BC7DA23}.Release|iPhone.Deploy.0 = Release|iPhone
		{CDD0A13F-7E2B-4220-A18E-30E26BC7DA23}.Release|iPhoneSimulator.ActiveCfg = Release|iPhoneSimulator
		{CDD0A13F-7E2B-4220-A18E-30E26BC7DA23}.Release|iPhoneSimulator.Build.0 = Release|iPhoneSimulator
		{CDD0A13F-7E2B-4220-A18E-30E26BC7DA23}.Release|iPhoneSimulator.Deploy.0 = Release|iPhoneSimulator
		{382AE384-8AFE-4D92-A5C9-A1971AAC4627}.Debug|Any CPU.ActiveCfg = Debug|Any CPU
		{382AE384-8AFE-4D92-A5C9-A1971AAC4627}.Debug|Any CPU.Build.0 = Debug|Any CPU
		{382AE384-8AFE-4D92-A5C9-A1971AAC4627}.Debug|Any CPU.Deploy.0 = Debug|Any CPU
		{382AE384-8AFE-4D92-A5C9-A1971AAC4627}.Debug|iPhone.ActiveCfg = Debug|Any CPU
		{382AE384-8AFE-4D92-A5C9-A1971AAC4627}.Debug|iPhone.Build.0 = Debug|Any CPU
		{382AE384-8AFE-4D92-A5C9-A1971AAC4627}.Debug|iPhone.Deploy.0 = Debug|Any CPU
		{382AE384-8AFE-4D92-A5C9-A1971AAC4627}.Debug|iPhoneSimulator.ActiveCfg = Debug|Any CPU
		{382AE384-8AFE-4D92-A5C9-A1971AAC4627}.Debug|iPhoneSimulator.Build.0 = Debug|Any CPU
		{382AE384-8AFE-4D92-A5C9-A1971AAC4627}.Debug|iPhoneSimulator.Deploy.0 = Debug|Any CPU
		{382AE384-8AFE-4D92-A5C9-A1971AAC4627}.Release|Any CPU.ActiveCfg = Release|Any CPU
		{382AE384-8AFE-4D92-A5C9-A1971AAC4627}.Release|Any CPU.Build.0 = Release|Any CPU
		{382AE384-8AFE-4D92-A5C9-A1971AAC4627}.Release|Any CPU.Deploy.0 = Release|Any CPU
		{382AE384-8AFE-4D92-A5C9-A1971AAC4627}.Release|iPhone.ActiveCfg = Release|Any CPU
		{382AE384-8AFE-4D92-A5C9-A1971AAC4627}.Release|iPhone.Build.0 = Release|Any CPU
		{382AE384-8AFE-4D92-A5C9-A1971AAC4627}.Release|iPhone.Deploy.0 = Release|Any CPU
		{382AE384-8AFE-4D92-A5C9-A1971AAC4627}.Release|iPhoneSimulator.ActiveCfg = Release|Any CPU
		{382AE384-8AFE-4D92-A5C9-A1971AAC4627}.Release|iPhoneSimulator.Build.0 = Release|Any CPU
		{382AE384-8AFE-4D92-A5C9-A1971AAC4627}.Release|iPhoneSimulator.Deploy.0 = Release|Any CPU
	EndGlobalSection
	GlobalSection(SolutionProperties) = preSolution
		HideSolutionNode = FALSE
	EndGlobalSection
	GlobalSection(ExtensibilityGlobals) = postSolution
		SolutionGuid = {C8C21750-8D05-4157-A1BB-4AC567F5E4DF}
	EndGlobalSection
EndGlobal
